<Solution>
  <Folder Name="/tools/">
    <Project Path="tools/SeedBoardGames/SeedBoardGames.csproj" />
    <Project Path="tools/SeedDevData/SeedDevData.csproj" />
  </Folder>
  <Project Path="BoardVerse.API/BoardVerse.API.csproj" />
  <Project Path="BoardVerse.Core/BoardVerse.Core.csproj" />
  <Project Path="BoardVerse.Data/BoardVerse.Data.csproj" />
  <Project Path="BoardVerse.Services/BoardVerse.Services.csproj" />
</Solution>
